PODS:
  - Coherence (2.1.0):
    - Coherence/Configuration (= 2.1.0)
    - Coherence/Stack (= 2.1.0)
    - TraceLog (< 5.0, >= 2.0)
    - TraceLog/ObjC (< 5.0, >= 2.0)
  - Coherence/Configuration (2.1.0):
    - Coherence/ConfigurationCore
    - TraceLog (< 5.0, >= 2.0)
    - TraceLog/ObjC (< 5.0, >= 2.0)
  - Coherence/ConfigurationCore (2.1.0):
    - TraceLog (< 5.0, >= 2.0)
    - TraceLog/ObjC (< 5.0, >= 2.0)
  - Coherence/Stack (2.1.0):
    - TraceLog (< 5.0, >= 2.0)
    - TraceLog/ObjC (< 5.0, >= 2.0)
  - TraceLog (4.0.1):
    - TraceLog/Swift (= 4.0.1)
  - TraceLog/ObjC (4.0.1):
    - TraceLog/Swift
  - TraceLog/Swift (4.0.1)

DEPENDENCIES:
  - Coherence (from `../`)

SPEC REPOS:
  https://github.com/cocoapods/specs.git:
    - TraceLog

EXTERNAL SOURCES:
  Coherence:
    :path: "../"

SPEC CHECKSUMS:
  Coherence: 668a0ffa4aab6d8ca5d29b3b55cc81dc893819ad
  TraceLog: 8c967afc696f1d92ef372950aeccfd797634fd91

PODFILE CHECKSUM: af8b9b6b6fac82894a7a6f237d382d41dfe2da42

COCOAPODS: 1.5.2
